
Microsoft Visual Studio Solution File, Format Version 12.00
# Visual Studio Version 17
VisualStudioVersion = 17.2.32602.215
MinimumVisualStudioVersion = 10.0.40219.1
Project("{FAE04EC0-301F-11D3-BF4B-00C04F79EFBC}") = "MovieStoreMvc6", "MovieStoreMvc6.csproj", "{C0C4533A-D378-4EB7-AEAC-7FE8D66FDD29}"
EndProject
Global
	GlobalSection(SolutionConfigurationPlatforms) = preSolution
		Debug|Any CPU = Debug|Any CPU
		Release|Any CPU = Release|Any CPU
	EndGlobalSection
	GlobalSection(ProjectConfigurationPlatforms) = postSolution
		{C0C4533A-D378-4EB7-AEAC-7FE8D66FDD29}.Debug|Any CPU.ActiveCfg = Debug|Any CPU
		{C0C4533A-D378-4EB7-AEAC-7FE8D66FDD29}.Debug|Any CPU.Build.0 = Debug|Any CPU
		{C0C4533A-D378-4EB7-AEAC-7FE8D66FDD29}.Release|Any CPU.ActiveCfg = Release|Any CPU
		{C0C4533A-D378-4EB7-AEAC-7FE8D66FDD29}.Release|Any CPU.Build.0 = Release|Any CPU
	EndGlobalSection
	GlobalSection(SolutionProperties) = preSolution
		HideSolutionNode = FALSE
	EndGlobalSection
	GlobalSection(ExtensibilityGlobals) = postSolution
		SolutionGuid = {729BA132-3652-4F55-B029-647CCE3E8E5A}
	EndGlobalSection
EndGlobal
